
Microsoft Visual Studio Solution File, Format Version 12.00
# Visual Studio Version 17
VisualStudioVersion = 17.2.32526.322
MinimumVisualStudioVersion = 10.0.40219.1
Project("{FAE04EC0-301F-11D3-BF4B-00C04F79EFBC}") = "Business", "Business\Business.csproj", "{A58AF35B-4DA3-439F-B65B-92D5E080B706}"
EndProject
Project("{FAE04EC0-301F-11D3-BF4B-00C04F79EFBC}") = "Core", "Core\Core.csproj", "{C3109196-E365-43F4-8A9E-D7CCA5CDF1D0}"
EndProject
Project("{FAE04EC0-301F-11D3-BF4B-00C04F79EFBC}") = "DataAccess", "DataAccess\DataAccess.csproj", "{DD453ACF-68CF-4EDA-8FD4-6249D7972D3E}"
EndProject
Project("{FAE04EC0-301F-11D3-BF4B-00C04F79EFBC}") = "Entities", "Entities\Entities.csproj", "{68EA6D28-C327-47AE-836C-567D4CA491C4}"
EndProject
Project("{FAE04EC0-301F-11D3-BF4B-00C04F79EFBC}") = "WebApi", "WebApi\WebApi.csproj", "{BB5F9D5D-312C-4B2C-B457-9E8352A0C436}"
EndProject
Global
	GlobalSection(SolutionConfigurationPlatforms) = preSolution
		Debug|Any CPU = Debug|Any CPU
		Release|Any CPU = Release|Any CPU
	EndGlobalSection
	GlobalSection(ProjectConfigurationPlatforms) = postSolution
		{A58AF35B-4DA3-439F-B65B-92D5E080B706}.Debug|Any CPU.ActiveCfg = Debug|Any CPU
		{A58AF35B-4DA3-439F-B65B-92D5E080B706}.Debug|Any CPU.Build.0 = Debug|Any CPU
		{A58AF35B-4DA3-439F-B65B-92D5E080B706}.Release|Any CPU.ActiveCfg = Release|Any CPU
		{A58AF35B-4DA3-439F-B65B-92D5E080B706}.Release|Any CPU.Build.0 = Release|Any CPU
		{C3109196-E365-43F4-8A9E-D7CCA5CDF1D0}.Debug|Any CPU.ActiveCfg = Debug|Any CPU
		{C3109196-E365-43F4-8A9E-D7CCA5CDF1D0}.Debug|Any CPU.Build.0 = Debug|Any CPU
		{C3109196-E365-43F4-8A9E-D7CCA5CDF1D0}.Release|Any CPU.ActiveCfg = Release|Any CPU
		{C3109196-E365-43F4-8A9E-D7CCA5CDF1D0}.Release|Any CPU.Build.0 = Release|Any CPU
		{DD453ACF-68CF-4EDA-8FD4-6249D7972D3E}.Debug|Any CPU.ActiveCfg = Debug|Any CPU
		{DD453ACF-68CF-4EDA-8FD4-6249D7972D3E}.Debug|Any CPU.Build.0 = Debug|Any CPU
		{DD453ACF-68CF-4EDA-8FD4-6249D7972D3E}.Release|Any CPU.ActiveCfg = Release|Any CPU
		{DD453ACF-68CF-4EDA-8FD4-6249D7972D3E}.Release|Any CPU.Build.0 = Release|Any CPU
		{68EA6D28-C327-47AE-836C-567D4CA491C4}.Debug|Any CPU.ActiveCfg = Debug|Any CPU
		{68EA6D28-C327-47AE-836C-567D4CA491C4}.Debug|Any CPU.Build.0 = Debug|Any CPU
		{68EA6D28-C327-47AE-836C-567D4CA491C4}.Release|Any CPU.ActiveCfg = Release|Any CPU
		{68EA6D28-C327-47AE-836C-567D4CA491C4}.Release|Any CPU.Build.0 = Release|Any CPU
		{BB5F9D5D-312C-4B2C-B457-9E8352A0C436}.Debug|Any CPU.ActiveCfg = Debug|Any CPU
		{BB5F9D5D-312C-4B2C-B457-9E8352A0C436}.Debug|Any CPU.Build.0 = Debug|Any CPU
		{BB5F9D5D-312C-4B2C-B457-9E8352A0C436}.Release|Any CPU.ActiveCfg = Release|Any CPU
		{BB5F9D5D-312C-4B2C-B457-9E8352A0C436}.Release|Any CPU.Build.0 = Release|Any CPU
	EndGlobalSection
	GlobalSection(SolutionProperties) = preSolution
		HideSolutionNode = FALSE
	EndGlobalSection
	GlobalSection(ExtensibilityGlobals) = postSolution
		SolutionGuid = {289D6731-9094-4B3D-A15D-0FDAE4A50951}
	EndGlobalSection
EndGlobal
